
Microsoft Visual Studio Solution File, Format Version 12.00
# Visual Studio Version 17
VisualStudioVersion = 17.1.32407.343
MinimumVisualStudioVersion = 10.0.40219.1
Project("{FAE04EC0-301F-11D3-BF4B-00C04F79EFBC}") = "MetricsManager", "MetricsManager\MetricsManager.csproj", "{F28C3274-05B9-4C2B-8E0D-3E96DA4AD4EE}"
EndProject
Global
	GlobalSection(SolutionConfigurationPlatforms) = preSolution
		Debug|Any CPU = Debug|Any CPU
		Release|Any CPU = Release|Any CPU
	EndGlobalSection
	GlobalSection(ProjectConfigurationPlatforms) = postSolution
		{F28C3274-05B9-4C2B-8E0D-3E96DA4AD4EE}.Debug|Any CPU.ActiveCfg = Debug|Any CPU
		{F28C3274-05B9-4C2B-8E0D-3E96DA4AD4EE}.Debug|Any CPU.Build.0 = Debug|Any CPU
		{F28C3274-05B9-4C2B-8E0D-3E96DA4AD4EE}.Release|Any CPU.ActiveCfg = Release|Any CPU
		{F28C3274-05B9-4C2B-8E0D-3E96DA4AD4EE}.Release|Any CPU.Build.0 = Release|Any CPU
	EndGlobalSection
	GlobalSection(SolutionProperties) = preSolution
		HideSolutionNode = FALSE
	EndGlobalSection
	GlobalSection(ExtensibilityGlobals) = postSolution
		SolutionGuid = {D4A7319A-2BBB-4C2D-B2A9-5F27FF2C239E}
	EndGlobalSection
EndGlobal
